
Microsoft Visual Studio Solution File, Format Version 12.00
# Visual Studio Version 16
VisualStudioVersion = 16.0.28803.352
MinimumVisualStudioVersion = 10.0.40219.1
Project("{FAE04EC0-301F-11D3-BF4B-00C04F79EFBC}") = "TableTweaker", "TableTweaker.csproj", "{FCD917E1-361A-4A78-B9D0-D6A000B1CCCD}"
EndProject
Global
	GlobalSection(SolutionConfigurationPlatforms) = preSolution
		Debug|Any CPU = Debug|Any CPU
		Release|Any CPU = Release|Any CPU
	EndGlobalSection
	GlobalSection(ProjectConfigurationPlatforms) = postSolution
		{FCD917E1-361A-4A78-B9D0-D6A000B1CCCD}.Debug|Any CPU.ActiveCfg = Debug|Any CPU
		{FCD917E1-361A-4A78-B9D0-D6A000B1CCCD}.Debug|Any CPU.Build.0 = Debug|Any CPU
		{FCD917E1-361A-4A78-B9D0-D6A000B1CCCD}.Release|Any CPU.ActiveCfg = Release|Any CPU
		{FCD917E1-361A-4A78-B9D0-D6A000B1CCCD}.Release|Any CPU.Build.0 = Release|Any CPU
	EndGlobalSection
	GlobalSection(SolutionProperties) = preSolution
		HideSolutionNode = FALSE
	EndGlobalSection
	GlobalSection(ExtensibilityGlobals) = postSolution
		SolutionGuid = {61733200-314B-42A3-AE83-0C7BF3CBD843}
	EndGlobalSection
EndGlobal
