
Microsoft Visual Studio Solution File, Format Version 12.00
# Visual Studio 14
VisualStudioVersion = 14.0.24720.0
MinimumVisualStudioVersion = 10.0.40219.1
Project("{FAE04EC0-301F-11D3-BF4B-00C04F79EFBC}") = "TableTweaker.Model", "TableTweaker.Model\TableTweaker.Model.csproj", "{6107D38D-21F2-4476-8C1E-1B6BD021F700}"
EndProject
Project("{FAE04EC0-301F-11D3-BF4B-00C04F79EFBC}") = "TableTweaker.Tests", "TableTweaker.Tests\TableTweaker.Tests.csproj", "{495BF01F-92D8-4730-959F-A9EBA8DD9688}"
EndProject
Project("{FAE04EC0-301F-11D3-BF4B-00C04F79EFBC}") = "TableTweaker", "TableTweaker\TableTweaker.csproj", "{B0AFEB5B-BB2A-477D-B7E5-ECF94A88222F}"
EndProject
Project("{FAE04EC0-301F-11D3-BF4B-00C04F79EFBC}") = "TableTweaker.Console", "TableTweaker.Console\TableTweaker.Console.csproj", "{B83B9FE9-2969-4E91-819F-DF820C070CC8}"
EndProject
Project("{2150E333-8FDC-42A3-9474-1A3956D46DE8}") = "Solution Items", "Solution Items", "{8060FF24-3A8D-4C0D-9AEA-7B71F3F13A3A}"
	ProjectSection(SolutionItems) = preProject
		README.md = README.md
		TODO.txt = TODO.txt
	EndProjectSection
EndProject
Global
	GlobalSection(SolutionConfigurationPlatforms) = preSolution
		Debug|Any CPU = Debug|Any CPU
		Release|Any CPU = Release|Any CPU
	EndGlobalSection
	GlobalSection(ProjectConfigurationPlatforms) = postSolution
		{6107D38D-21F2-4476-8C1E-1B6BD021F700}.Debug|Any CPU.ActiveCfg = Debug|Any CPU
		{6107D38D-21F2-4476-8C1E-1B6BD021F700}.Debug|Any CPU.Build.0 = Debug|Any CPU
		{6107D38D-21F2-4476-8C1E-1B6BD021F700}.Release|Any CPU.ActiveCfg = Release|Any CPU
		{6107D38D-21F2-4476-8C1E-1B6BD021F700}.Release|Any CPU.Build.0 = Release|Any CPU
		{495BF01F-92D8-4730-959F-A9EBA8DD9688}.Debug|Any CPU.ActiveCfg = Debug|Any CPU
		{495BF01F-92D8-4730-959F-A9EBA8DD9688}.Debug|Any CPU.Build.0 = Debug|Any CPU
		{495BF01F-92D8-4730-959F-A9EBA8DD9688}.Release|Any CPU.ActiveCfg = Release|Any CPU
		{495BF01F-92D8-4730-959F-A9EBA8DD9688}.Release|Any CPU.Build.0 = Release|Any CPU
		{B0AFEB5B-BB2A-477D-B7E5-ECF94A88222F}.Debug|Any CPU.ActiveCfg = Debug|Any CPU
		{B0AFEB5B-BB2A-477D-B7E5-ECF94A88222F}.Debug|Any CPU.Build.0 = Debug|Any CPU
		{B0AFEB5B-BB2A-477D-B7E5-ECF94A88222F}.Release|Any CPU.ActiveCfg = Release|Any CPU
		{B0AFEB5B-BB2A-477D-B7E5-ECF94A88222F}.Release|Any CPU.Build.0 = Release|Any CPU
		{B83B9FE9-2969-4E91-819F-DF820C070CC8}.Debug|Any CPU.ActiveCfg = Debug|Any CPU
		{B83B9FE9-2969-4E91-819F-DF820C070CC8}.Debug|Any CPU.Build.0 = Debug|Any CPU
		{B83B9FE9-2969-4E91-819F-DF820C070CC8}.Release|Any CPU.ActiveCfg = Release|Any CPU
		{B83B9FE9-2969-4E91-819F-DF820C070CC8}.Release|Any CPU.Build.0 = Release|Any CPU
	EndGlobalSection
	GlobalSection(SolutionProperties) = preSolution
		HideSolutionNode = FALSE
	EndGlobalSection
EndGlobal
